<Solution>
  <Folder Name="/Elementos de la solución/">
    <File Path=".gitignore" />
  </Folder>
  <Project Path="Application/Application.csproj" />
  <Project Path="Domain/Domain.csproj" />
  <Project Path="InfraStruture/InfraStruture.csproj" />
  <Project Path="Presentation/Presentation.csproj" />
</Solution>
